
Microsoft Visual Studio Solution File, Format Version 12.00
# Visual Studio Version 16
VisualStudioVersion = 16.0.31019.35
MinimumVisualStudioVersion = 10.0.40219.1
Project("{9A19103F-16F7-4668-BE54-9A1E7A4F7556}") = "BlazorWAApp.Server", "BlazorWAApp\Server\BlazorWAApp.Server.csproj", "{6566146E-B36B-4E2E-9B8B-3F45CB35C30F}"
EndProject
Project("{9A19103F-16F7-4668-BE54-9A1E7A4F7556}") = "BlazorWAApp.Client", "BlazorWAApp\Client\BlazorWAApp.Client.csproj", "{24E1C39F-9468-4792-BBDE-4ED67237B65C}"
EndProject
Project("{9A19103F-16F7-4668-BE54-9A1E7A4F7556}") = "BlazorWAApp.Shared", "BlazorWAApp\Shared\BlazorWAApp.Shared.csproj", "{C6FCE9B5-4C7B-4D48-961D-9EE4641FCD36}"
EndProject
Global
	GlobalSection(SolutionConfigurationPlatforms) = preSolution
		Debug|Any CPU = Debug|Any CPU
		Release|Any CPU = Release|Any CPU
	EndGlobalSection
	GlobalSection(ProjectConfigurationPlatforms) = postSolution
		{6566146E-B36B-4E2E-9B8B-3F45CB35C30F}.Debug|Any CPU.ActiveCfg = Debug|Any CPU
		{6566146E-B36B-4E2E-9B8B-3F45CB35C30F}.Debug|Any CPU.Build.0 = Debug|Any CPU
		{6566146E-B36B-4E2E-9B8B-3F45CB35C30F}.Release|Any CPU.ActiveCfg = Release|Any CPU
		{6566146E-B36B-4E2E-9B8B-3F45CB35C30F}.Release|Any CPU.Build.0 = Release|Any CPU
		{24E1C39F-9468-4792-BBDE-4ED67237B65C}.Debug|Any CPU.ActiveCfg = Debug|Any CPU
		{24E1C39F-9468-4792-BBDE-4ED67237B65C}.Debug|Any CPU.Build.0 = Debug|Any CPU
		{24E1C39F-9468-4792-BBDE-4ED67237B65C}.Release|Any CPU.ActiveCfg = Release|Any CPU
		{24E1C39F-9468-4792-BBDE-4ED67237B65C}.Release|Any CPU.Build.0 = Release|Any CPU
		{C6FCE9B5-4C7B-4D48-961D-9EE4641FCD36}.Debug|Any CPU.ActiveCfg = Debug|Any CPU
		{C6FCE9B5-4C7B-4D48-961D-9EE4641FCD36}.Debug|Any CPU.Build.0 = Debug|Any CPU
		{C6FCE9B5-4C7B-4D48-961D-9EE4641FCD36}.Release|Any CPU.ActiveCfg = Release|Any CPU
		{C6FCE9B5-4C7B-4D48-961D-9EE4641FCD36}.Release|Any CPU.Build.0 = Release|Any CPU
	EndGlobalSection
	GlobalSection(SolutionProperties) = preSolution
		HideSolutionNode = FALSE
	EndGlobalSection
	GlobalSection(ExtensibilityGlobals) = postSolution
		SolutionGuid = {0BD19D7D-25F9-4FD9-BA55-6359BA0D9C7C}
	EndGlobalSection
EndGlobal
